{
  "originHash" : "9c751f34d10e9e29862745192a039d526bc75e16dfc50fd6a6c5b6f38851658e",
  "pins" : [
    {
      "identity" : "combinex",
      "kind" : "remoteSourceControl",
      "location" : "https://github.com/cx-org/CombineX",
      "state" : {
        "revision" : "98096c6b2a51481cb6e4bae8da0a808d8cab09a1",
        "version" : "0.4.0"
      }
    },
    {
      "identity" : "cxextensions",
      "kind" : "remoteSourceControl",
      "location" : "https://github.com/cx-org/CXExtensions",
      "state" : {
        "revision" : "4790ecd6a6c0e796d776a28a820b552f7e8f6abd",
        "version" : "0.4.0"
      }
    },
    {
      "identity" : "cxshim",
      "kind" : "remoteSourceControl",
      "location" : "https://github.com/cx-org/CXShim",
      "state" : {
        "revision" : "82fecc246c7ca9f0ac1656b8199b7956e64d68f3",
        "version" : "0.4.0"
      }
    },
    {
      "identity" : "cxtest",
      "kind" : "remoteSourceControl",
      "location" : "https://github.com/cx-org/CXTest",
      "state" : {
        "revision" : "929ce7cbd3005bc9356ae826bb65ee2611379b17",
        "version" : "0.4.0"
      }
    },
    {
      "identity" : "dbus-swift",
      "kind" : "remoteSourceControl",
      "location" : "https://github.com/suransea/dbus-swift",
      "state" : {
        "revision" : "9b17cce66bd67a75a88e5f609bd227dc5069cbb1",
        "version" : "0.0.5"
      }
    },
    {
      "identity" : "gzipswift",
      "kind" : "remoteSourceControl",
      "location" : "https://github.com/1024jp/GzipSwift",
      "state" : {
        "revision" : "7a7f17761c76a932662ab77028a4329f67d645a4",
        "version" : "5.2.0"
      }
    },
    {
      "identity" : "lyricskit",
      "kind" : "remoteSourceControl",
      "location" : "https://github.com/ddddxxx/LyricsKit",
      "state" : {
        "revision" : "675a696588eaddf3e5661080c223102acdf8f404",
        "version" : "0.11.3"
      }
    },
    {
      "identity" : "mpris-swift",
      "kind" : "remoteSourceControl",
      "location" : "https://github.com/suransea/mpris-swift",
      "state" : {
        "revision" : "b2600f9cd728ea575dcd3246479ab61472c41e60",
        "version" : "0.0.3"
      }
    },
    {
      "identity" : "musicplayer",
      "kind" : "remoteSourceControl",
      "location" : "https://github.com/suransea/MusicPlayer.git",
      "state" : {
        "branch" : "master",
        "revision" : "64233ffd6fb2ec8e77e5858779adf5ede0745b16"
      }
    },
    {
      "identity" : "regex",
      "kind" : "remoteSourceControl",
      "location" : "https://github.com/ddddxxx/Regex",
      "state" : {
        "revision" : "c0ad0a7e9a48989d9688c2b524a1e69b6293b733",
        "version" : "1.0.1"
      }
    },
    {
      "identity" : "swift-argument-parser",
      "kind" : "remoteSourceControl",
      "location" : "https://github.com/apple/swift-argument-parser",
      "state" : {
        "revision" : "41982a3656a71c768319979febd796c6fd111d5c",
        "version" : "1.5.0"
      }
    },
    {
      "identity" : "swift-atomics",
      "kind" : "remoteSourceControl",
      "location" : "https://github.com/apple/swift-atomics.git",
      "state" : {
        "revision" : "3e95ba32cd1b4c877f6163e8eea54afc4e63bf9f",
        "version" : "0.0.3"
      }
    },
    {
      "identity" : "swiftcf",
      "kind" : "remoteSourceControl",
      "location" : "https://github.com/ddddxxx/SwiftCF",
      "state" : {
        "revision" : "72775c4b4dfceba8f6f43820d50f9286dc97160d",
        "version" : "0.2.1"
      }
    },
    {
      "identity" : "termbox",
      "kind" : "remoteSourceControl",
      "location" : "https://github.com/suransea/Termbox",
      "state" : {
        "revision" : "a676639e1768a998b72f879deae81f6e6ad5c2b3",
        "version" : "1.0.3"
      }
    }
  ],
  "version" : 3
}
