{
  "originHash" : "dd0b438ed36ca2deab16535e3e4c451aea6aa9c6527d7709bfaf74dd3eacfe18",
  "pins" : [
    {
      "identity" : "dbus-swift",
      "kind" : "remoteSourceControl",
      "location" : "https://github.com/suransea/dbus-swift",
      "state" : {
        "revision" : "9b17cce66bd67a75a88e5f609bd227dc5069cbb1",
        "version" : "0.0.5"
      }
    },
    {
      "identity" : "gzipswift",
      "kind" : "remoteSourceControl",
      "location" : "https://github.com/1024jp/GzipSwift",
      "state" : {
        "revision" : "7a7f17761c76a932662ab77028a4329f67d645a4",
        "version" : "5.2.0"
      }
    },
    {
      "identity" : "lyricskit",
      "kind" : "remoteSourceControl",
      "location" : "https://github.com/suransea/LyricsKit",
      "state" : {
        "revision" : "c1c8aa2455c76d12b2de79de32fa82d608f6c23f",
        "version" : "1.0.0"
      }
    },
    {
      "identity" : "mpris-swift",
      "kind" : "remoteSourceControl",
      "location" : "https://github.com/suransea/mpris-swift",
      "state" : {
        "revision" : "d26710a311b7cafc5ea6f448de98f65d8e4badbe",
        "version" : "1.0.0"
      }
    },
    {
      "identity" : "musicplayer",
      "kind" : "remoteSourceControl",
      "location" : "https://github.com/suransea/MusicPlayer.git",
      "state" : {
        "revision" : "bb8eb5e1ee431a08c6b8469c30c42c14359e3956",
        "version" : "1.0.0"
      }
    },
    {
      "identity" : "regex",
      "kind" : "remoteSourceControl",
      "location" : "https://github.com/ddddxxx/Regex",
      "state" : {
        "revision" : "c0ad0a7e9a48989d9688c2b524a1e69b6293b733",
        "version" : "1.0.1"
      }
    },
    {
      "identity" : "spotifyioswrapper",
      "kind" : "remoteSourceControl",
      "location" : "https://github.com/ddddxxx/SpotifyiOSWrapper",
      "state" : {
        "revision" : "4852515d10f781670884971d0cd9bf203b709e6d",
        "version" : "1.2.4"
      }
    },
    {
      "identity" : "swift-argument-parser",
      "kind" : "remoteSourceControl",
      "location" : "https://github.com/apple/swift-argument-parser",
      "state" : {
        "revision" : "41982a3656a71c768319979febd796c6fd111d5c",
        "version" : "1.5.0"
      }
    },
    {
      "identity" : "swiftcf",
      "kind" : "remoteSourceControl",
      "location" : "https://github.com/ddddxxx/SwiftCF",
      "state" : {
        "revision" : "72775c4b4dfceba8f6f43820d50f9286dc97160d",
        "version" : "0.2.1"
      }
    },
    {
      "identity" : "termbox",
      "kind" : "remoteSourceControl",
      "location" : "https://github.com/suransea/Termbox",
      "state" : {
        "revision" : "a676639e1768a998b72f879deae81f6e6ad5c2b3",
        "version" : "1.0.3"
      }
    }
  ],
  "version" : 3
}
